{
  "name": "fundamentos-node-platzi-master",
  "lockfileVersion": 2,
  "requires": true,
  "packages": {
    "": {
      "dependencies": {
        "linkify-string": "^3.0.4",
        "linkifyjs": "^3.0.5"
      }
    },
    "node_modules/linkify-string": {
      "version": "3.0.4",
      "resolved": "https://registry.npmjs.org/linkify-string/-/linkify-string-3.0.4.tgz",
      "integrity": "sha512-OnNqqRjlYXaXipIAbBC8sDXsSumI1ftatzFg141Pw9HEXWjTVLFcMZoKbFupshqWRavtNJ6QHLa+u6AlxxgeRw==",
      "peerDependencies": {
        "linkifyjs": "^3.0.0"
      }
    },
    "node_modules/linkifyjs": {
      "version": "3.0.5",
      "resolved": "https://registry.npmjs.org/linkifyjs/-/linkifyjs-3.0.5.tgz",
      "integrity": "sha512-1Y9XQH65eQKA9p2xtk+zxvnTeQBG7rdAXSkUG97DmuI/Xhji9uaUzaWxRj6rf9YC0v8KKHkxav7tnLX82Sz5Fg=="
    }
  },
  "dependencies": {
    "linkify-string": {
      "version": "3.0.4",
      "resolved": "https://registry.npmjs.org/linkify-string/-/linkify-string-3.0.4.tgz",
      "integrity": "sha512-OnNqqRjlYXaXipIAbBC8sDXsSumI1ftatzFg141Pw9HEXWjTVLFcMZoKbFupshqWRavtNJ6QHLa+u6AlxxgeRw==",
      "requires": {}
    },
    "linkifyjs": {
      "version": "3.0.5",
      "resolved": "https://registry.npmjs.org/linkifyjs/-/linkifyjs-3.0.5.tgz",
      "integrity": "sha512-1Y9XQH65eQKA9p2xtk+zxvnTeQBG7rdAXSkUG97DmuI/Xhji9uaUzaWxRj6rf9YC0v8KKHkxav7tnLX82Sz5Fg=="
    }
  }
}
